
Microsoft Visual Studio Solution File, Format Version 12.00
# Visual Studio Version 17
VisualStudioVersion = 17.1.32319.34
MinimumVisualStudioVersion = 10.0.40219.1
Project("{FAE04EC0-301F-11D3-BF4B-00C04F79EFBC}") = "Exercise 4", "Exercise 4\Exercise 4.csproj", "{146C26D5-F693-4ADA-98CD-4124A559B1CB}"
EndProject
Global
	GlobalSection(SolutionConfigurationPlatforms) = preSolution
		Debug|Any CPU = Debug|Any CPU
		Release|Any CPU = Release|Any CPU
	EndGlobalSection
	GlobalSection(ProjectConfigurationPlatforms) = postSolution
		{146C26D5-F693-4ADA-98CD-4124A559B1CB}.Debug|Any CPU.ActiveCfg = Debug|Any CPU
		{146C26D5-F693-4ADA-98CD-4124A559B1CB}.Debug|Any CPU.Build.0 = Debug|Any CPU
		{146C26D5-F693-4ADA-98CD-4124A559B1CB}.Release|Any CPU.ActiveCfg = Release|Any CPU
		{146C26D5-F693-4ADA-98CD-4124A559B1CB}.Release|Any CPU.Build.0 = Release|Any CPU
	EndGlobalSection
	GlobalSection(SolutionProperties) = preSolution
		HideSolutionNode = FALSE
	EndGlobalSection
	GlobalSection(ExtensibilityGlobals) = postSolution
		SolutionGuid = {B7469ECC-AD9F-4081-8AC3-16CB3A1B7F83}
	EndGlobalSection
EndGlobal
